// !$*UTF8*$!
{
	archiveVersion = 1;
	classes = {
	};
	objectVersion = 50;
	objects = {

/* Begin PBXBuildFile section */
		0483804C225673506A6C4521 /* Pods_Services_ServicesTests.framework in Frameworks */ = {isa = PBXBuildFile; fileRef = 6CB7A76A9F2B99D12C12B3CE /* Pods_Services_ServicesTests.framework */; };
		5506D2BA24A66594002B8FD6 /* HomeBusiness.swift in Sources */ = {isa = PBXBuildFile; fileRef = 5506D2B924A66594002B8FD6 /* HomeBusiness.swift */; };
		550905F4235A8E0600529736 /* BuildFile in Embed Frameworks */ = {isa = PBXBuildFile; settings = {ATTRIBUTES = (CodeSignOnCopy, RemoveHeadersOnCopy, ); }; };
		550905FB235AA7A800529736 /* Genre.swift in Sources */ = {isa = PBXBuildFile; fileRef = 550905FA235AA7A800529736 /* Genre.swift */; };
		550905FD235AAC3000529736 /* Movie.swift in Sources */ = {isa = PBXBuildFile; fileRef = 550905FC235AAC3000529736 /* Movie.swift */; };
		555A2CBA276D867B000E5D24 /* BusinessFactory.swift in Sources */ = {isa = PBXBuildFile; fileRef = 555A2CB9276D867B000E5D24 /* BusinessFactory.swift */; };
		555A2CD4276D8A3E000E5D24 /* Common.framework in Frameworks */ = {isa = PBXBuildFile; fileRef = 555A2CD3276D8A3E000E5D24 /* Common.framework */; };
		555A2CD5276D8A3E000E5D24 /* Common.framework in Embed Frameworks */ = {isa = PBXBuildFile; fileRef = 555A2CD3276D8A3E000E5D24 /* Common.framework */; settings = {ATTRIBUTES = (CodeSignOnCopy, RemoveHeadersOnCopy, ); }; };
		555A2D15276D98F7000E5D24 /* ServicesTests.swift in Sources */ = {isa = PBXBuildFile; fileRef = 555A2D14276D98F7000E5D24 /* ServicesTests.swift */; };
		555A2D16276D98F7000E5D24 /* Services.framework in Frameworks */ = {isa = PBXBuildFile; fileRef = 55CE0AC4233C4E6B007E6A9D /* Services.framework */; };
		55C5232923410A6A0038F6CA /* MovieDBConfig.swift in Sources */ = {isa = PBXBuildFile; fileRef = 55C5232823410A6A0038F6CA /* MovieDBConfig.swift */; };
		55C5232B23410A760038F6CA /* ConfigProtocol.swift in Sources */ = {isa = PBXBuildFile; fileRef = 55C5232A23410A760038F6CA /* ConfigProtocol.swift */; };
		55C7C88324A819A80014A70E /* DetailBusiness.swift in Sources */ = {isa = PBXBuildFile; fileRef = 55C7C88224A819A80014A70E /* DetailBusiness.swift */; };
		55C7C88524A81F140014A70E /* Keyword.swift in Sources */ = {isa = PBXBuildFile; fileRef = 55C7C88424A81F140014A70E /* Keyword.swift */; };
		55CCB98923410DDE000A71D4 /* DiscoverNetwork.swift in Sources */ = {isa = PBXBuildFile; fileRef = 55CCB98823410DDE000A71D4 /* DiscoverNetwork.swift */; };
		55CCB98C23410E6F000A71D4 /* Network.swift in Sources */ = {isa = PBXBuildFile; fileRef = 55CCB98B23410E6F000A71D4 /* Network.swift */; };
		55CE0AC9233C4E6B007E6A9D /* Services.h in Headers */ = {isa = PBXBuildFile; fileRef = 55CE0AC7233C4E6B007E6A9D /* Services.h */; settings = {ATTRIBUTES = (Public, ); }; };
		55CE0AD0233C4EC3007E6A9D /* DiscoverAPIs.swift in Sources */ = {isa = PBXBuildFile; fileRef = 55CE0ACF233C4EC3007E6A9D /* DiscoverAPIs.swift */; };
		55D08650235E95F4004C0312 /* MovieAPIs.swift in Sources */ = {isa = PBXBuildFile; fileRef = 55D0864F235E95F4004C0312 /* MovieAPIs.swift */; };
		55D08652235E961F004C0312 /* MovieNetwork.swift in Sources */ = {isa = PBXBuildFile; fileRef = 55D08651235E961F004C0312 /* MovieNetwork.swift */; };
		55D4E902235A878500A6C442 /* GenreAPIs.swift in Sources */ = {isa = PBXBuildFile; fileRef = 55D4E901235A878500A6C442 /* GenreAPIs.swift */; };
		55D4E904235A88C500A6C442 /* GenreNetwork.swift in Sources */ = {isa = PBXBuildFile; fileRef = 55D4E903235A88C500A6C442 /* GenreNetwork.swift */; };
		55D61AE8276D1310005F9248 /* NetworkFactory.swift in Sources */ = {isa = PBXBuildFile; fileRef = 55D61AE7276D1310005F9248 /* NetworkFactory.swift */; };
		55D61AED276D1471005F9248 /* MError.swift in Sources */ = {isa = PBXBuildFile; fileRef = 55D61AEC276D1471005F9248 /* MError.swift */; };
		55D61AF0276D15D4005F9248 /* MoviesError.swift in Sources */ = {isa = PBXBuildFile; fileRef = 55D61AEF276D15D4005F9248 /* MoviesError.swift */; };
		A8F52422E9ED968618AB8249 /* Pods_Services.framework in Frameworks */ = {isa = PBXBuildFile; fileRef = 2A5D4675407C588934C067D1 /* Pods_Services.framework */; };
/* End PBXBuildFile section */

/* Begin PBXContainerItemProxy section */
		555A2D17276D98F7000E5D24 /* PBXContainerItemProxy */ = {
			isa = PBXContainerItemProxy;
			containerPortal = 55CE0ABB233C4E6B007E6A9D /* Project object */;
			proxyType = 1;
			remoteGlobalIDString = 55CE0AC3233C4E6B007E6A9D;
			remoteInfo = Services;
		};
/* End PBXContainerItemProxy section */

/* Begin PBXCopyFilesBuildPhase section */
		550905F5235A8E0600529736 /* Embed Frameworks */ = {
			isa = PBXCopyFilesBuildPhase;
			buildActionMask = 2147483647;
			dstPath = "";
			dstSubfolderSpec = 10;
			files = (
				550905F4235A8E0600529736 /* BuildFile in Embed Frameworks */,
				555A2CD5276D8A3E000E5D24 /* Common.framework in Embed Frameworks */,
			);
			name = "Embed Frameworks";
			runOnlyForDeploymentPostprocessing = 0;
		};
/* End PBXCopyFilesBuildPhase section */

/* Begin PBXFileReference section */
		2A5D4675407C588934C067D1 /* Pods_Services.framework */ = {isa = PBXFileReference; explicitFileType = wrapper.framework; includeInIndex = 0; path = Pods_Services.framework; sourceTree = BUILT_PRODUCTS_DIR; };
		3785E052B7CC333A4E4E2ECC /* Pods-Services.debug.xcconfig */ = {isa = PBXFileReference; includeInIndex = 1; lastKnownFileType = text.xcconfig; name = "Pods-Services.debug.xcconfig"; path = "Target Support Files/Pods-Services/Pods-Services.debug.xcconfig"; sourceTree = "<group>"; };
		5506D2B924A66594002B8FD6 /* HomeBusiness.swift */ = {isa = PBXFileReference; lastKnownFileType = sourcecode.swift; path = HomeBusiness.swift; sourceTree = "<group>"; };
		550905F6235A8E1000529736 /* Alamofire.framework */ = {isa = PBXFileReference; explicitFileType = wrapper.framework; path = Alamofire.framework; sourceTree = BUILT_PRODUCTS_DIR; };
		550905FA235AA7A800529736 /* Genre.swift */ = {isa = PBXFileReference; lastKnownFileType = sourcecode.swift; path = Genre.swift; sourceTree = "<group>"; };
		550905FC235AAC3000529736 /* Movie.swift */ = {isa = PBXFileReference; lastKnownFileType = sourcecode.swift; path = Movie.swift; sourceTree = "<group>"; };
		555A2CB9276D867B000E5D24 /* BusinessFactory.swift */ = {isa = PBXFileReference; lastKnownFileType = sourcecode.swift; path = BusinessFactory.swift; sourceTree = "<group>"; };
		555A2CD3276D8A3E000E5D24 /* Common.framework */ = {isa = PBXFileReference; explicitFileType = wrapper.framework; path = Common.framework; sourceTree = BUILT_PRODUCTS_DIR; };
		555A2D12276D98F7000E5D24 /* ServicesTests.xctest */ = {isa = PBXFileReference; explicitFileType = wrapper.cfbundle; includeInIndex = 0; path = ServicesTests.xctest; sourceTree = BUILT_PRODUCTS_DIR; };
		555A2D14276D98F7000E5D24 /* ServicesTests.swift */ = {isa = PBXFileReference; lastKnownFileType = sourcecode.swift; path = ServicesTests.swift; sourceTree = "<group>"; };
		55C5232823410A6A0038F6CA /* MovieDBConfig.swift */ = {isa = PBXFileReference; lastKnownFileType = sourcecode.swift; path = MovieDBConfig.swift; sourceTree = "<group>"; };
		55C5232A23410A760038F6CA /* ConfigProtocol.swift */ = {isa = PBXFileReference; lastKnownFileType = sourcecode.swift; path = ConfigProtocol.swift; sourceTree = "<group>"; };
		55C7C88224A819A80014A70E /* DetailBusiness.swift */ = {isa = PBXFileReference; lastKnownFileType = sourcecode.swift; path = DetailBusiness.swift; sourceTree = "<group>"; };
		55C7C88424A81F140014A70E /* Keyword.swift */ = {isa = PBXFileReference; lastKnownFileType = sourcecode.swift; path = Keyword.swift; sourceTree = "<group>"; };
		55CCB98823410DDE000A71D4 /* DiscoverNetwork.swift */ = {isa = PBXFileReference; lastKnownFileType = sourcecode.swift; path = DiscoverNetwork.swift; sourceTree = "<group>"; };
		55CCB98B23410E6F000A71D4 /* Network.swift */ = {isa = PBXFileReference; lastKnownFileType = sourcecode.swift; path = Network.swift; sourceTree = "<group>"; };
		55CE0AC4233C4E6B007E6A9D /* Services.framework */ = {isa = PBXFileReference; explicitFileType = wrapper.framework; includeInIndex = 0; path = Services.framework; sourceTree = BUILT_PRODUCTS_DIR; };
		55CE0AC7233C4E6B007E6A9D /* Services.h */ = {isa = PBXFileReference; lastKnownFileType = sourcecode.c.h; path = Services.h; sourceTree = "<group>"; };
		55CE0AC8233C4E6B007E6A9D /* Info.plist */ = {isa = PBXFileReference; lastKnownFileType = text.plist.xml; path = Info.plist; sourceTree = "<group>"; };
		55CE0ACF233C4EC3007E6A9D /* DiscoverAPIs.swift */ = {isa = PBXFileReference; lastKnownFileType = sourcecode.swift; path = DiscoverAPIs.swift; sourceTree = "<group>"; };
		55D0864F235E95F4004C0312 /* MovieAPIs.swift */ = {isa = PBXFileReference; lastKnownFileType = sourcecode.swift; path = MovieAPIs.swift; sourceTree = "<group>"; };
		55D08651235E961F004C0312 /* MovieNetwork.swift */ = {isa = PBXFileReference; lastKnownFileType = sourcecode.swift; path = MovieNetwork.swift; sourceTree = "<group>"; };
		55D4E901235A878500A6C442 /* GenreAPIs.swift */ = {isa = PBXFileReference; lastKnownFileType = sourcecode.swift; path = GenreAPIs.swift; sourceTree = "<group>"; };
		55D4E903235A88C500A6C442 /* GenreNetwork.swift */ = {isa = PBXFileReference; lastKnownFileType = sourcecode.swift; path = GenreNetwork.swift; sourceTree = "<group>"; };
		55D61AE7276D1310005F9248 /* NetworkFactory.swift */ = {isa = PBXFileReference; lastKnownFileType = sourcecode.swift; path = NetworkFactory.swift; sourceTree = "<group>"; };
		55D61AEC276D1471005F9248 /* MError.swift */ = {isa = PBXFileReference; lastKnownFileType = sourcecode.swift; path = MError.swift; sourceTree = "<group>"; };
		55D61AEF276D15D4005F9248 /* MoviesError.swift */ = {isa = PBXFileReference; lastKnownFileType = sourcecode.swift; path = MoviesError.swift; sourceTree = "<group>"; };
		6CB7A76A9F2B99D12C12B3CE /* Pods_Services_ServicesTests.framework */ = {isa = PBXFileReference; explicitFileType = wrapper.framework; includeInIndex = 0; path = Pods_Services_ServicesTests.framework; sourceTree = BUILT_PRODUCTS_DIR; };
		72DEFA396AFEA26692CF8411 /* Pods-Services.release.xcconfig */ = {isa = PBXFileReference; includeInIndex = 1; lastKnownFileType = text.xcconfig; name = "Pods-Services.release.xcconfig"; path = "Target Support Files/Pods-Services/Pods-Services.release.xcconfig"; sourceTree = "<group>"; };
		86B8DA149A136E2E9F72E72F /* Pods-Services-ServicesTests.debug.xcconfig */ = {isa = PBXFileReference; includeInIndex = 1; lastKnownFileType = text.xcconfig; name = "Pods-Services-ServicesTests.debug.xcconfig"; path = "Target Support Files/Pods-Services-ServicesTests/Pods-Services-ServicesTests.debug.xcconfig"; sourceTree = "<group>"; };
		8BD39453C0FBE056C9FD8EF0 /* Pods-Services-ServicesTests.release.xcconfig */ = {isa = PBXFileReference; includeInIndex = 1; lastKnownFileType = text.xcconfig; name = "Pods-Services-ServicesTests.release.xcconfig"; path = "Target Support Files/Pods-Services-ServicesTests/Pods-Services-ServicesTests.release.xcconfig"; sourceTree = "<group>"; };
/* End PBXFileReference section */

/* Begin PBXFrameworksBuildPhase section */
		555A2D0F276D98F7000E5D24 /* Frameworks */ = {
			isa = PBXFrameworksBuildPhase;
			buildActionMask = 2147483647;
			files = (
				555A2D16276D98F7000E5D24 /* Services.framework in Frameworks */,
				0483804C225673506A6C4521 /* Pods_Services_ServicesTests.framework in Frameworks */,
			);
			runOnlyForDeploymentPostprocessing = 0;
		};
		55CE0AC1233C4E6B007E6A9D /* Frameworks */ = {
			isa = PBXFrameworksBuildPhase;
			buildActionMask = 2147483647;
			files = (
				A8F52422E9ED968618AB8249 /* Pods_Services.framework in Frameworks */,
				555A2CD4276D8A3E000E5D24 /* Common.framework in Frameworks */,
			);
			runOnlyForDeploymentPostprocessing = 0;
		};
/* End PBXFrameworksBuildPhase section */

/* Begin PBXGroup section */
		555A2D13276D98F7000E5D24 /* ServicesTests */ = {
			isa = PBXGroup;
			children = (
				555A2D14276D98F7000E5D24 /* ServicesTests.swift */,
			);
			path = ServicesTests;
			sourceTree = "<group>";
		};
		558D5A28234105D50048693C /* Supporting Files */ = {
			isa = PBXGroup;
			children = (
				55CE0AC7233C4E6B007E6A9D /* Services.h */,
				55CE0AC8233C4E6B007E6A9D /* Info.plist */,
			);
			path = "Supporting Files";
			sourceTree = "<group>";
		};
		55C5232723410A570038F6CA /* Config */ = {
			isa = PBXGroup;
			children = (
				55CCB9902341101F000A71D4 /* API Config */,
				55CCB98B23410E6F000A71D4 /* Network.swift */,
				55D61AEC276D1471005F9248 /* MError.swift */,
			);
			path = Config;
			sourceTree = "<group>";
		};
		55CCB9902341101F000A71D4 /* API Config */ = {
			isa = PBXGroup;
			children = (
				55C5232A23410A760038F6CA /* ConfigProtocol.swift */,
				55C5232823410A6A0038F6CA /* MovieDBConfig.swift */,
			);
			path = "API Config";
			sourceTree = "<group>";
		};
		55CE0ABA233C4E6B007E6A9D = {
			isa = PBXGroup;
			children = (
				55CE0AC6233C4E6B007E6A9D /* Services */,
				555A2D13276D98F7000E5D24 /* ServicesTests */,
				55CE0AC5233C4E6B007E6A9D /* Products */,
				77861268043ADB48F42110D1 /* Frameworks */,
				7756CF781DA232BC26D744D6 /* Pods */,
			);
			sourceTree = "<group>";
		};
		55CE0AC5233C4E6B007E6A9D /* Products */ = {
			isa = PBXGroup;
			children = (
				55CE0AC4233C4E6B007E6A9D /* Services.framework */,
				555A2D12276D98F7000E5D24 /* ServicesTests.xctest */,
			);
			name = Products;
			sourceTree = "<group>";
		};
		55CE0AC6233C4E6B007E6A9D /* Services */ = {
			isa = PBXGroup;
			children = (
				55D61AEE276D15AF005F9248 /* Common */,
				55C5232723410A570038F6CA /* Config */,
				55D61ADF276D10DE005F9248 /* Domain */,
				55D61AE9276D13BD005F9248 /* Business */,
				55D61AE6276D12FA005F9248 /* Factory */,
				558D5A28234105D50048693C /* Supporting Files */,
			);
			path = Services;
			sourceTree = "<group>";
		};
		55D61ADF276D10DE005F9248 /* Domain */ = {
			isa = PBXGroup;
			children = (
				55D61AE2276D10FE005F9248 /* Movie */,
				55D61AE1276D10FB005F9248 /* Genre */,
				55D61AE0276D10F5005F9248 /* Discover */,
			);
			path = Domain;
			sourceTree = "<group>";
		};
		55D61AE0276D10F5005F9248 /* Discover */ = {
			isa = PBXGroup;
			children = (
				55CE0ACF233C4EC3007E6A9D /* DiscoverAPIs.swift */,
				55CCB98823410DDE000A71D4 /* DiscoverNetwork.swift */,
			);
			path = Discover;
			sourceTree = "<group>";
		};
		55D61AE1276D10FB005F9248 /* Genre */ = {
			isa = PBXGroup;
			children = (
				55D61AE4276D1284005F9248 /* Models */,
				55D4E901235A878500A6C442 /* GenreAPIs.swift */,
				55D4E903235A88C500A6C442 /* GenreNetwork.swift */,
			);
			path = Genre;
			sourceTree = "<group>";
		};
		55D61AE2276D10FE005F9248 /* Movie */ = {
			isa = PBXGroup;
			children = (
				55D61AE3276D1280005F9248 /* Models */,
				55D0864F235E95F4004C0312 /* MovieAPIs.swift */,
				55D08651235E961F004C0312 /* MovieNetwork.swift */,
			);
			path = Movie;
			sourceTree = "<group>";
		};
		55D61AE3276D1280005F9248 /* Models */ = {
			isa = PBXGroup;
			children = (
				55C7C88424A81F140014A70E /* Keyword.swift */,
				550905FC235AAC3000529736 /* Movie.swift */,
			);
			path = Models;
			sourceTree = "<group>";
		};
		55D61AE4276D1284005F9248 /* Models */ = {
			isa = PBXGroup;
			children = (
				550905FA235AA7A800529736 /* Genre.swift */,
			);
			path = Models;
			sourceTree = "<group>";
		};
		55D61AE6276D12FA005F9248 /* Factory */ = {
			isa = PBXGroup;
			children = (
				55D61AE7276D1310005F9248 /* NetworkFactory.swift */,
				555A2CB9276D867B000E5D24 /* BusinessFactory.swift */,
			);
			path = Factory;
			sourceTree = "<group>";
		};
		55D61AE9276D13BD005F9248 /* Business */ = {
			isa = PBXGroup;
			children = (
				5506D2B924A66594002B8FD6 /* HomeBusiness.swift */,
				55C7C88224A819A80014A70E /* DetailBusiness.swift */,
			);
			path = Business;
			sourceTree = "<group>";
		};
		55D61AEE276D15AF005F9248 /* Common */ = {
			isa = PBXGroup;
			children = (
				55D61AEF276D15D4005F9248 /* MoviesError.swift */,
			);
			path = Common;
			sourceTree = "<group>";
		};
		7756CF781DA232BC26D744D6 /* Pods */ = {
			isa = PBXGroup;
			children = (
				3785E052B7CC333A4E4E2ECC /* Pods-Services.debug.xcconfig */,
				72DEFA396AFEA26692CF8411 /* Pods-Services.release.xcconfig */,
				86B8DA149A136E2E9F72E72F /* Pods-Services-ServicesTests.debug.xcconfig */,
				8BD39453C0FBE056C9FD8EF0 /* Pods-Services-ServicesTests.release.xcconfig */,
			);
			name = Pods;
			path = ../Pods;
			sourceTree = "<group>";
		};
		77861268043ADB48F42110D1 /* Frameworks */ = {
			isa = PBXGroup;
			children = (
				555A2CD3276D8A3E000E5D24 /* Common.framework */,
				550905F6235A8E1000529736 /* Alamofire.framework */,
				2A5D4675407C588934C067D1 /* Pods_Services.framework */,
				6CB7A76A9F2B99D12C12B3CE /* Pods_Services_ServicesTests.framework */,
			);
			name = Frameworks;
			sourceTree = "<group>";
		};
/* End PBXGroup section */

/* Begin PBXHeadersBuildPhase section */
		55CE0ABF233C4E6B007E6A9D /* Headers */ = {
			isa = PBXHeadersBuildPhase;
			buildActionMask = 2147483647;
			files = (
				55CE0AC9233C4E6B007E6A9D /* Services.h in Headers */,
			);
			runOnlyForDeploymentPostprocessing = 0;
		};
/* End PBXHeadersBuildPhase section */

/* Begin PBXNativeTarget section */
		555A2D11276D98F7000E5D24 /* ServicesTests */ = {
			isa = PBXNativeTarget;
			buildConfigurationList = 555A2D19276D98F7000E5D24 /* Build configuration list for PBXNativeTarget "ServicesTests" */;
			buildPhases = (
				9079D5154DA6B560FB32C075 /* [CP] Check Pods Manifest.lock */,
				555A2D0E276D98F7000E5D24 /* Sources */,
				555A2D0F276D98F7000E5D24 /* Frameworks */,
				555A2D10276D98F7000E5D24 /* Resources */,
				C246FF41E0C2BE75FDF1D8A2 /* [CP] Embed Pods Frameworks */,
			);
			buildRules = (
			);
			dependencies = (
				555A2D18276D98F7000E5D24 /* PBXTargetDependency */,
			);
			name = ServicesTests;
			productName = ServicesTests;
			productReference = 555A2D12276D98F7000E5D24 /* ServicesTests.xctest */;
			productType = "com.apple.product-type.bundle.unit-test";
		};
		55CE0AC3233C4E6B007E6A9D /* Services */ = {
			isa = PBXNativeTarget;
			buildConfigurationList = 55CE0ACC233C4E6B007E6A9D /* Build configuration list for PBXNativeTarget "Services" */;
			buildPhases = (
				E603FC591DAC40FE5E676592 /* [CP] Check Pods Manifest.lock */,
				55CE0ABF233C4E6B007E6A9D /* Headers */,
				55CE0AC0233C4E6B007E6A9D /* Sources */,
				55CE0AC1233C4E6B007E6A9D /* Frameworks */,
				55CE0AC2233C4E6B007E6A9D /* Resources */,
				550905F5235A8E0600529736 /* Embed Frameworks */,
			);
			buildRules = (
			);
			dependencies = (
			);
			name = Services;
			productName = Services;
			productReference = 55CE0AC4233C4E6B007E6A9D /* Services.framework */;
			productType = "com.apple.product-type.framework";
		};
/* End PBXNativeTarget section */

/* Begin PBXProject section */
		55CE0ABB233C4E6B007E6A9D /* Project object */ = {
			isa = PBXProject;
			attributes = {
				LastSwiftUpdateCheck = 1320;
				LastUpgradeCheck = 1100;
				ORGANIZATIONNAME = "Breno Aquino";
				TargetAttributes = {
					555A2D11276D98F7000E5D24 = {
						CreatedOnToolsVersion = 13.2;
					};
					55CE0AC3233C4E6B007E6A9D = {
						CreatedOnToolsVersion = 11.0;
						LastSwiftMigration = 1100;
					};
				};
			};
			buildConfigurationList = 55CE0ABE233C4E6B007E6A9D /* Build configuration list for PBXProject "Services" */;
			compatibilityVersion = "Xcode 9.3";
			developmentRegion = en;
			hasScannedForEncodings = 0;
			knownRegions = (
				en,
				Base,
			);
			mainGroup = 55CE0ABA233C4E6B007E6A9D;
			productRefGroup = 55CE0AC5233C4E6B007E6A9D /* Products */;
			projectDirPath = "";
			projectRoot = "";
			targets = (
				55CE0AC3233C4E6B007E6A9D /* Services */,
				555A2D11276D98F7000E5D24 /* ServicesTests */,
			);
		};
/* End PBXProject section */

/* Begin PBXResourcesBuildPhase section */
		555A2D10276D98F7000E5D24 /* Resources */ = {
			isa = PBXResourcesBuildPhase;
			buildActionMask = 2147483647;
			files = (
			);
			runOnlyForDeploymentPostprocessing = 0;
		};
		55CE0AC2233C4E6B007E6A9D /* Resources */ = {
			isa = PBXResourcesBuildPhase;
			buildActionMask = 2147483647;
			files = (
			);
			runOnlyForDeploymentPostprocessing = 0;
		};
/* End PBXResourcesBuildPhase section */

/* Begin PBXShellScriptBuildPhase section */
		9079D5154DA6B560FB32C075 /* [CP] Check Pods Manifest.lock */ = {
			isa = PBXShellScriptBuildPhase;
			buildActionMask = 2147483647;
			files = (
			);
			inputFileListPaths = (
			);
			inputPaths = (
				"${PODS_PODFILE_DIR_PATH}/Podfile.lock",
				"${PODS_ROOT}/Manifest.lock",
			);
			name = "[CP] Check Pods Manifest.lock";
			outputFileListPaths = (
			);
			outputPaths = (
				"$(DERIVED_FILE_DIR)/Pods-Services-ServicesTests-checkManifestLockResult.txt",
			);
			runOnlyForDeploymentPostprocessing = 0;
			shellPath = /bin/sh;
			shellScript = "diff \"${PODS_PODFILE_DIR_PATH}/Podfile.lock\" \"${PODS_ROOT}/Manifest.lock\" > /dev/null\nif [ $? != 0 ] ; then\n    # print error to STDERR\n    echo \"error: The sandbox is not in sync with the Podfile.lock. Run 'pod install' or update your CocoaPods installation.\" >&2\n    exit 1\nfi\n# This output is used by Xcode 'outputs' to avoid re-running this script phase.\necho \"SUCCESS\" > \"${SCRIPT_OUTPUT_FILE_0}\"\n";
			showEnvVarsInLog = 0;
		};
		C246FF41E0C2BE75FDF1D8A2 /* [CP] Embed Pods Frameworks */ = {
			isa = PBXShellScriptBuildPhase;
			buildActionMask = 2147483647;
			files = (
			);
			inputFileListPaths = (
				"${PODS_ROOT}/Target Support Files/Pods-Services-ServicesTests/Pods-Services-ServicesTests-frameworks-${CONFIGURATION}-input-files.xcfilelist",
			);
			name = "[CP] Embed Pods Frameworks";
			outputFileListPaths = (
				"${PODS_ROOT}/Target Support Files/Pods-Services-ServicesTests/Pods-Services-ServicesTests-frameworks-${CONFIGURATION}-output-files.xcfilelist",
			);
			runOnlyForDeploymentPostprocessing = 0;
			shellPath = /bin/sh;
			shellScript = "\"${PODS_ROOT}/Target Support Files/Pods-Services-ServicesTests/Pods-Services-ServicesTests-frameworks.sh\"\n";
			showEnvVarsInLog = 0;
		};
		E603FC591DAC40FE5E676592 /* [CP] Check Pods Manifest.lock */ = {
			isa = PBXShellScriptBuildPhase;
			buildActionMask = 2147483647;
			files = (
			);
			inputFileListPaths = (
			);
			inputPaths = (
				"${PODS_PODFILE_DIR_PATH}/Podfile.lock",
				"${PODS_ROOT}/Manifest.lock",
			);
			name = "[CP] Check Pods Manifest.lock";
			outputFileListPaths = (
			);
			outputPaths = (
				"$(DERIVED_FILE_DIR)/Pods-Services-checkManifestLockResult.txt",
			);
			runOnlyForDeploymentPostprocessing = 0;
			shellPath = /bin/sh;
			shellScript = "diff \"${PODS_PODFILE_DIR_PATH}/Podfile.lock\" \"${PODS_ROOT}/Manifest.lock\" > /dev/null\nif [ $? != 0 ] ; then\n    # print error to STDERR\n    echo \"error: The sandbox is not in sync with the Podfile.lock. Run 'pod install' or update your CocoaPods installation.\" >&2\n    exit 1\nfi\n# This output is used by Xcode 'outputs' to avoid re-running this script phase.\necho \"SUCCESS\" > \"${SCRIPT_OUTPUT_FILE_0}\"\n";
			showEnvVarsInLog = 0;
		};
/* End PBXShellScriptBuildPhase section */

/* Begin PBXSourcesBuildPhase section */
		555A2D0E276D98F7000E5D24 /* Sources */ = {
			isa = PBXSourcesBuildPhase;
			buildActionMask = 2147483647;
			files = (
				555A2D15276D98F7000E5D24 /* ServicesTests.swift in Sources */,
			);
			runOnlyForDeploymentPostprocessing = 0;
		};
		55CE0AC0233C4E6B007E6A9D /* Sources */ = {
			isa = PBXSourcesBuildPhase;
			buildActionMask = 2147483647;
			files = (
				55D08652235E961F004C0312 /* MovieNetwork.swift in Sources */,
				55C7C88524A81F140014A70E /* Keyword.swift in Sources */,
				55D61AF0276D15D4005F9248 /* MoviesError.swift in Sources */,
				550905FB235AA7A800529736 /* Genre.swift in Sources */,
				555A2CBA276D867B000E5D24 /* BusinessFactory.swift in Sources */,
				55D61AE8276D1310005F9248 /* NetworkFactory.swift in Sources */,
				55C5232B23410A760038F6CA /* ConfigProtocol.swift in Sources */,
				55D61AED276D1471005F9248 /* MError.swift in Sources */,
				55D4E904235A88C500A6C442 /* GenreNetwork.swift in Sources */,
				55C5232923410A6A0038F6CA /* MovieDBConfig.swift in Sources */,
				55D08650235E95F4004C0312 /* MovieAPIs.swift in Sources */,
				5506D2BA24A66594002B8FD6 /* HomeBusiness.swift in Sources */,
				550905FD235AAC3000529736 /* Movie.swift in Sources */,
				55CCB98923410DDE000A71D4 /* DiscoverNetwork.swift in Sources */,
				55D4E902235A878500A6C442 /* GenreAPIs.swift in Sources */,
				55C7C88324A819A80014A70E /* DetailBusiness.swift in Sources */,
				55CE0AD0233C4EC3007E6A9D /* DiscoverAPIs.swift in Sources */,
				55CCB98C23410E6F000A71D4 /* Network.swift in Sources */,
			);
			runOnlyForDeploymentPostprocessing = 0;
		};
/* End PBXSourcesBuildPhase section */

/* Begin PBXTargetDependency section */
		555A2D18276D98F7000E5D24 /* PBXTargetDependency */ = {
			isa = PBXTargetDependency;
			target = 55CE0AC3233C4E6B007E6A9D /* Services */;
			targetProxy = 555A2D17276D98F7000E5D24 /* PBXContainerItemProxy */;
		};
/* End PBXTargetDependency section */

/* Begin XCBuildConfiguration section */
		555A2D1A276D98F7000E5D24 /* Debug */ = {
			isa = XCBuildConfiguration;
			baseConfigurationReference = 86B8DA149A136E2E9F72E72F /* Pods-Services-ServicesTests.debug.xcconfig */;
			buildSettings = {
				CLANG_CXX_LANGUAGE_STANDARD = "gnu++17";
				CLANG_WARN_QUOTED_INCLUDE_IN_FRAMEWORK_HEADER = YES;
				CODE_SIGN_STYLE = Automatic;
				CURRENT_PROJECT_VERSION = 1;
				DEVELOPMENT_TEAM = GYLCJG59BK;
				GENERATE_INFOPLIST_FILE = YES;
				IPHONEOS_DEPLOYMENT_TARGET = 15.2;
				MARKETING_VERSION = 1.0;
				PRODUCT_BUNDLE_IDENTIFIER = brenoaquino.ServicesTests;
				PRODUCT_NAME = "$(TARGET_NAME)";
				SWIFT_EMIT_LOC_STRINGS = NO;
				SWIFT_VERSION = 5.0;
				TARGETED_DEVICE_FAMILY = "1,2";
			};
			name = Debug;
		};
		555A2D1B276D98F7000E5D24 /* Release */ = {
			isa = XCBuildConfiguration;
			baseConfigurationReference = 8BD39453C0FBE056C9FD8EF0 /* Pods-Services-ServicesTests.release.xcconfig */;
			buildSettings = {
				CLANG_CXX_LANGUAGE_STANDARD = "gnu++17";
				CLANG_WARN_QUOTED_INCLUDE_IN_FRAMEWORK_HEADER = YES;
				CODE_SIGN_STYLE = Automatic;
				CURRENT_PROJECT_VERSION = 1;
				DEVELOPMENT_TEAM = GYLCJG59BK;
				GENERATE_INFOPLIST_FILE = YES;
				IPHONEOS_DEPLOYMENT_TARGET = 15.2;
				MARKETING_VERSION = 1.0;
				PRODUCT_BUNDLE_IDENTIFIER = brenoaquino.ServicesTests;
				PRODUCT_NAME = "$(TARGET_NAME)";
				SWIFT_EMIT_LOC_STRINGS = NO;
				SWIFT_VERSION = 5.0;
				TARGETED_DEVICE_FAMILY = "1,2";
			};
			name = Release;
		};
		55CE0ACA233C4E6B007E6A9D /* Debug */ = {
			isa = XCBuildConfiguration;
			buildSettings = {
				ALWAYS_SEARCH_USER_PATHS = NO;
				CLANG_ANALYZER_NONNULL = YES;
				CLANG_ANALYZER_NUMBER_OBJECT_CONVERSION = YES_AGGRESSIVE;
				CLANG_CXX_LANGUAGE_STANDARD = "gnu++14";
				CLANG_CXX_LIBRARY = "libc++";
				CLANG_ENABLE_MODULES = YES;
				CLANG_ENABLE_OBJC_ARC = YES;
				CLANG_ENABLE_OBJC_WEAK = YES;
				CLANG_WARN_BLOCK_CAPTURE_AUTORELEASING = YES;
				CLANG_WARN_BOOL_CONVERSION = YES;
				CLANG_WARN_COMMA = YES;
				CLANG_WARN_CONSTANT_CONVERSION = YES;
				CLANG_WARN_DEPRECATED_OBJC_IMPLEMENTATIONS = YES;
				CLANG_WARN_DIRECT_OBJC_ISA_USAGE = YES_ERROR;
				CLANG_WARN_DOCUMENTATION_COMMENTS = YES;
				CLANG_WARN_EMPTY_BODY = YES;
				CLANG_WARN_ENUM_CONVERSION = YES;
				CLANG_WARN_INFINITE_RECURSION = YES;
				CLANG_WARN_INT_CONVERSION = YES;
				CLANG_WARN_NON_LITERAL_NULL_CONVERSION = YES;
				CLANG_WARN_OBJC_IMPLICIT_RETAIN_SELF = YES;
				CLANG_WARN_OBJC_LITERAL_CONVERSION = YES;
				CLANG_WARN_OBJC_ROOT_CLASS = YES_ERROR;
				CLANG_WARN_RANGE_LOOP_ANALYSIS = YES;
				CLANG_WARN_STRICT_PROTOTYPES = YES;
				CLANG_WARN_SUSPICIOUS_MOVE = YES;
				CLANG_WARN_UNGUARDED_AVAILABILITY = YES_AGGRESSIVE;
				CLANG_WARN_UNREACHABLE_CODE = YES;
				CLANG_WARN__DUPLICATE_METHOD_MATCH = YES;
				COPY_PHASE_STRIP = NO;
				CURRENT_PROJECT_VERSION = 1;
				DEBUG_INFORMATION_FORMAT = dwarf;
				ENABLE_STRICT_OBJC_MSGSEND = YES;
				ENABLE_TESTABILITY = YES;
				GCC_C_LANGUAGE_STANDARD = gnu11;
				GCC_DYNAMIC_NO_PIC = NO;
				GCC_NO_COMMON_BLOCKS = YES;
				GCC_OPTIMIZATION_LEVEL = 0;
				GCC_PREPROCESSOR_DEFINITIONS = (
					"DEBUG=1",
					"$(inherited)",
				);
				GCC_WARN_64_TO_32_BIT_CONVERSION = YES;
				GCC_WARN_ABOUT_RETURN_TYPE = YES_ERROR;
				GCC_WARN_UNDECLARED_SELECTOR = YES;
				GCC_WARN_UNINITIALIZED_AUTOS = YES_AGGRESSIVE;
				GCC_WARN_UNUSED_FUNCTION = YES;
				GCC_WARN_UNUSED_VARIABLE = YES;
				IPHONEOS_DEPLOYMENT_TARGET = 13.0;
				MTL_ENABLE_DEBUG_INFO = INCLUDE_SOURCE;
				MTL_FAST_MATH = YES;
				ONLY_ACTIVE_ARCH = YES;
				SDKROOT = iphoneos;
				SWIFT_ACTIVE_COMPILATION_CONDITIONS = DEBUG;
				SWIFT_OPTIMIZATION_LEVEL = "-Onone";
				VERSIONING_SYSTEM = "apple-generic";
				VERSION_INFO_PREFIX = "";
			};
			name = Debug;
		};
		55CE0ACB233C4E6B007E6A9D /* Release */ = {
			isa = XCBuildConfiguration;
			buildSettings = {
				ALWAYS_SEARCH_USER_PATHS = NO;
				CLANG_ANALYZER_NONNULL = YES;
				CLANG_ANALYZER_NUMBER_OBJECT_CONVERSION = YES_AGGRESSIVE;
				CLANG_CXX_LANGUAGE_STANDARD = "gnu++14";
				CLANG_CXX_LIBRARY = "libc++";
				CLANG_ENABLE_MODULES = YES;
				CLANG_ENABLE_OBJC_ARC = YES;
				CLANG_ENABLE_OBJC_WEAK = YES;
				CLANG_WARN_BLOCK_CAPTURE_AUTORELEASING = YES;
				CLANG_WARN_BOOL_CONVERSION = YES;
				CLANG_WARN_COMMA = YES;
				CLANG_WARN_CONSTANT_CONVERSION = YES;
				CLANG_WARN_DEPRECATED_OBJC_IMPLEMENTATIONS = YES;
				CLANG_WARN_DIRECT_OBJC_ISA_USAGE = YES_ERROR;
				CLANG_WARN_DOCUMENTATION_COMMENTS = YES;
				CLANG_WARN_EMPTY_BODY = YES;
				CLANG_WARN_ENUM_CONVERSION = YES;
				CLANG_WARN_INFINITE_RECURSION = YES;
				CLANG_WARN_INT_CONVERSION = YES;
				CLANG_WARN_NON_LITERAL_NULL_CONVERSION = YES;
				CLANG_WARN_OBJC_IMPLICIT_RETAIN_SELF = YES;
				CLANG_WARN_OBJC_LITERAL_CONVERSION = YES;
				CLANG_WARN_OBJC_ROOT_CLASS = YES_ERROR;
				CLANG_WARN_RANGE_LOOP_ANALYSIS = YES;
				CLANG_WARN_STRICT_PROTOTYPES = YES;
				CLANG_WARN_SUSPICIOUS_MOVE = YES;
				CLANG_WARN_UNGUARDED_AVAILABILITY = YES_AGGRESSIVE;
				CLANG_WARN_UNREACHABLE_CODE = YES;
				CLANG_WARN__DUPLICATE_METHOD_MATCH = YES;
				COPY_PHASE_STRIP = NO;
				CURRENT_PROJECT_VERSION = 1;
				DEBUG_INFORMATION_FORMAT = "dwarf-with-dsym";
				ENABLE_NS_ASSERTIONS = NO;
				ENABLE_STRICT_OBJC_MSGSEND = YES;
				GCC_C_LANGUAGE_STANDARD = gnu11;
				GCC_NO_COMMON_BLOCKS = YES;
				GCC_WARN_64_TO_32_BIT_CONVERSION = YES;
				GCC_WARN_ABOUT_RETURN_TYPE = YES_ERROR;
				GCC_WARN_UNDECLARED_SELECTOR = YES;
				GCC_WARN_UNINITIALIZED_AUTOS = YES_AGGRESSIVE;
				GCC_WARN_UNUSED_FUNCTION = YES;
				GCC_WARN_UNUSED_VARIABLE = YES;
				IPHONEOS_DEPLOYMENT_TARGET = 13.0;
				MTL_ENABLE_DEBUG_INFO = NO;
				MTL_FAST_MATH = YES;
				SDKROOT = iphoneos;
				SWIFT_COMPILATION_MODE = wholemodule;
				SWIFT_OPTIMIZATION_LEVEL = "-O";
				VALIDATE_PRODUCT = YES;
				VERSIONING_SYSTEM = "apple-generic";
				VERSION_INFO_PREFIX = "";
			};
			name = Release;
		};
		55CE0ACD233C4E6B007E6A9D /* Debug */ = {
			isa = XCBuildConfiguration;
			baseConfigurationReference = 3785E052B7CC333A4E4E2ECC /* Pods-Services.debug.xcconfig */;
			buildSettings = {
				CLANG_ENABLE_MODULES = YES;
				CODE_SIGN_STYLE = Automatic;
				DEFINES_MODULE = YES;
				DEVELOPMENT_TEAM = GYLCJG59BK;
				DYLIB_COMPATIBILITY_VERSION = 1;
				DYLIB_CURRENT_VERSION = 1;
				DYLIB_INSTALL_NAME_BASE = "@rpath";
				INFOPLIST_FILE = "$(SRCROOT)/Services/Supporting Files/Info.plist";
				INSTALL_PATH = "$(LOCAL_LIBRARY_DIR)/Frameworks";
				LD_RUNPATH_SEARCH_PATHS = (
					"$(inherited)",
					"@executable_path/Frameworks",
					"@loader_path/Frameworks",
				);
				PRODUCT_BUNDLE_IDENTIFIER = brenoaquino.Services;
				PRODUCT_NAME = "$(TARGET_NAME:c99extidentifier)";
				SKIP_INSTALL = YES;
				SWIFT_OPTIMIZATION_LEVEL = "-Onone";
				SWIFT_VERSION = 5.0;
				TARGETED_DEVICE_FAMILY = "1,2";
			};
			name = Debug;
		};
		55CE0ACE233C4E6B007E6A9D /* Release */ = {
			isa = XCBuildConfiguration;
			baseConfigurationReference = 72DEFA396AFEA26692CF8411 /* Pods-Services.release.xcconfig */;
			buildSettings = {
				CLANG_ENABLE_MODULES = YES;
				CODE_SIGN_STYLE = Automatic;
				DEFINES_MODULE = YES;
				DEVELOPMENT_TEAM = GYLCJG59BK;
				DYLIB_COMPATIBILITY_VERSION = 1;
				DYLIB_CURRENT_VERSION = 1;
				DYLIB_INSTALL_NAME_BASE = "@rpath";
				INFOPLIST_FILE = "$(SRCROOT)/Services/Supporting Files/Info.plist";
				INSTALL_PATH = "$(LOCAL_LIBRARY_DIR)/Frameworks";
				LD_RUNPATH_SEARCH_PATHS = (
					"$(inherited)",
					"@executable_path/Frameworks",
					"@loader_path/Frameworks",
				);
				PRODUCT_BUNDLE_IDENTIFIER = brenoaquino.Services;
				PRODUCT_NAME = "$(TARGET_NAME:c99extidentifier)";
				SKIP_INSTALL = YES;
				SWIFT_VERSION = 5.0;
				TARGETED_DEVICE_FAMILY = "1,2";
			};
			name = Release;
		};
/* End XCBuildConfiguration section */

/* Begin XCConfigurationList section */
		555A2D19276D98F7000E5D24 /* Build configuration list for PBXNativeTarget "ServicesTests" */ = {
			isa = XCConfigurationList;
			buildConfigurations = (
				555A2D1A276D98F7000E5D24 /* Debug */,
				555A2D1B276D98F7000E5D24 /* Release */,
			);
			defaultConfigurationIsVisible = 0;
			defaultConfigurationName = Release;
		};
		55CE0ABE233C4E6B007E6A9D /* Build configuration list for PBXProject "Services" */ = {
			isa = XCConfigurationList;
			buildConfigurations = (
				55CE0ACA233C4E6B007E6A9D /* Debug */,
				55CE0ACB233C4E6B007E6A9D /* Release */,
			);
			defaultConfigurationIsVisible = 0;
			defaultConfigurationName = Release;
		};
		55CE0ACC233C4E6B007E6A9D /* Build configuration list for PBXNativeTarget "Services" */ = {
			isa = XCConfigurationList;
			buildConfigurations = (
				55CE0ACD233C4E6B007E6A9D /* Debug */,
				55CE0ACE233C4E6B007E6A9D /* Release */,
			);
			defaultConfigurationIsVisible = 0;
			defaultConfigurationName = Release;
		};
/* End XCConfigurationList section */
	};
	rootObject = 55CE0ABB233C4E6B007E6A9D /* Project object */;
}
