// !$*UTF8*$!
{
	archiveVersion = 1;
	classes = {
	};
	objectVersion = 52;
	objects = {

/* Begin PBXBuildFile section */
		550905EF235A8BED00529736 /* Services.framework in Frameworks */ = {isa = PBXBuildFile; fileRef = 550905EE235A8BED00529736 /* Services.framework */; };
		550905F0235A8BED00529736 /* Services.framework in Embed Frameworks */ = {isa = PBXBuildFile; fileRef = 550905EE235A8BED00529736 /* Services.framework */; settings = {ATTRIBUTES = (CodeSignOnCopy, RemoveHeadersOnCopy, ); }; };
		55090601235AAF4500529736 /* MoviesCarouselTableViewCell.swift in Sources */ = {isa = PBXBuildFile; fileRef = 55090600235AAF4500529736 /* MoviesCarouselTableViewCell.swift */; };
		55090604235AAFD600529736 /* CGFloat+DefaultValues.swift in Sources */ = {isa = PBXBuildFile; fileRef = 55090603235AAFD600529736 /* CGFloat+DefaultValues.swift */; };
		55090606235AB04000529736 /* HomeStyle.swift in Sources */ = {isa = PBXBuildFile; fileRef = 55090605235AB04000529736 /* HomeStyle.swift */; };
		55090608235AB1C300529736 /* MovieCollectionViewCell.swift in Sources */ = {isa = PBXBuildFile; fileRef = 55090607235AB1C300529736 /* MovieCollectionViewCell.swift */; };
		5509A7CB24AA260C00DF3633 /* UIColor+Style.swift in Sources */ = {isa = PBXBuildFile; fileRef = 5509A7CA24AA260C00DF3633 /* UIColor+Style.swift */; };
		550D26FC233C4F1000F1CEE5 /* AppDelegate.swift in Sources */ = {isa = PBXBuildFile; fileRef = 550D26FB233C4F1000F1CEE5 /* AppDelegate.swift */; };
		550D26FE233C4F1000F1CEE5 /* SceneDelegate.swift in Sources */ = {isa = PBXBuildFile; fileRef = 550D26FD233C4F1000F1CEE5 /* SceneDelegate.swift */; };
		550D2700233C4F1000F1CEE5 /* HomeViewController.swift in Sources */ = {isa = PBXBuildFile; fileRef = 550D26FF233C4F1000F1CEE5 /* HomeViewController.swift */; };
		550D2705233C4F1800F1CEE5 /* Assets.xcassets in Resources */ = {isa = PBXBuildFile; fileRef = 550D2704233C4F1800F1CEE5 /* Assets.xcassets */; };
		550D2708233C4F1800F1CEE5 /* LaunchScreen.storyboard in Resources */ = {isa = PBXBuildFile; fileRef = 550D2706233C4F1800F1CEE5 /* LaunchScreen.storyboard */; };
		551E3CFD24B8E13A00BC66A2 /* KeywordsTableViewCell.swift in Sources */ = {isa = PBXBuildFile; fileRef = 551E3CFC24B8E13A00BC66A2 /* KeywordsTableViewCell.swift */; };
		551E3CFF24B8E1E400BC66A2 /* KeywordsLayout.swift in Sources */ = {isa = PBXBuildFile; fileRef = 551E3CFE24B8E1E400BC66A2 /* KeywordsLayout.swift */; };
		551E3D0124B8E63100BC66A2 /* KeywordCollectionViewCell.swift in Sources */ = {isa = PBXBuildFile; fileRef = 551E3D0024B8E63100BC66A2 /* KeywordCollectionViewCell.swift */; };
		551E3D0424B8E87C00BC66A2 /* UICollectionView+Register.swift in Sources */ = {isa = PBXBuildFile; fileRef = 551E3D0324B8E87C00BC66A2 /* UICollectionView+Register.swift */; };
		551E3D0624B8FBC400BC66A2 /* String+Size.swift in Sources */ = {isa = PBXBuildFile; fileRef = 551E3D0524B8FBC400BC66A2 /* String+Size.swift */; };
		55253C0A24AAD1C800C6A3CF /* UINavigationController+Transparent.swift in Sources */ = {isa = PBXBuildFile; fileRef = 55253C0924AAD1C800C6A3CF /* UINavigationController+Transparent.swift */; };
		55253C0C24AAD3B500C6A3CF /* PosterTableViewCell.swift in Sources */ = {isa = PBXBuildFile; fileRef = 55253C0B24AAD3B500C6A3CF /* PosterTableViewCell.swift */; };
		55253C0E24AAD55200C6A3CF /* UITableView+Register.swift in Sources */ = {isa = PBXBuildFile; fileRef = 55253C0D24AAD55200C6A3CF /* UITableView+Register.swift */; };
		55253C1024AADC8D00C6A3CF /* MetadataTableViewCell.swift in Sources */ = {isa = PBXBuildFile; fileRef = 55253C0F24AADC8D00C6A3CF /* MetadataTableViewCell.swift */; };
		55253C1224AADF2E00C6A3CF /* RecomendationTableViewCell.swift in Sources */ = {isa = PBXBuildFile; fileRef = 55253C1124AADF2E00C6A3CF /* RecomendationTableViewCell.swift */; };
		552F7F6524A7FC430040940B /* Kingfisher in Frameworks */ = {isa = PBXBuildFile; productRef = 552F7F6424A7FC430040940B /* Kingfisher */; };
		553ABF3523F63AAC00475EEE /* Optional.swift in Sources */ = {isa = PBXBuildFile; fileRef = 553ABF3423F63AAC00475EEE /* Optional.swift */; };
		55426511235E998300E142CE /* UpcomingCollectionViewCell.swift in Sources */ = {isa = PBXBuildFile; fileRef = 55426510235E998300E142CE /* UpcomingCollectionViewCell.swift */; };
		55C39CC623896FFD00CBF18F /* String+Style.swift in Sources */ = {isa = PBXBuildFile; fileRef = 55C39CC523896FFD00CBF18F /* String+Style.swift */; };
		55C7C87F24A8190A0014A70E /* DetailViewModel.swift in Sources */ = {isa = PBXBuildFile; fileRef = 55C7C87E24A8190A0014A70E /* DetailViewModel.swift */; };
		55CC52CB2417FD7A004AE6DA /* HomeViewModel.swift in Sources */ = {isa = PBXBuildFile; fileRef = 55CC52CA2417FD7A004AE6DA /* HomeViewModel.swift */; };
		55D08646235E8720004C0312 /* Movie.swift in Sources */ = {isa = PBXBuildFile; fileRef = 55D08645235E8720004C0312 /* Movie.swift */; };
		55D08648235E9072004C0312 /* CarouselHeaderView.swift in Sources */ = {isa = PBXBuildFile; fileRef = 55D08647235E9072004C0312 /* CarouselHeaderView.swift */; };
		55D0864C235E9235004C0312 /* Genre.swift in Sources */ = {isa = PBXBuildFile; fileRef = 55D0864B235E9235004C0312 /* Genre.swift */; };
		55D0864E235E94C0004C0312 /* UIImage+Style.swift in Sources */ = {isa = PBXBuildFile; fileRef = 55D0864D235E94C0004C0312 /* UIImage+Style.swift */; };
		55D08654235E98DC004C0312 /* UpcomingTableViewCell.swift in Sources */ = {isa = PBXBuildFile; fileRef = 55D08653235E98DC004C0312 /* UpcomingTableViewCell.swift */; };
		55D4E907235A8A4B00A6C442 /* UIView+Constraints.swift in Sources */ = {isa = PBXBuildFile; fileRef = 55D4E906235A8A4B00A6C442 /* UIView+Constraints.swift */; };
		55E0D346235AB49F008A6107 /* UIImageView+Kingfisher.swift in Sources */ = {isa = PBXBuildFile; fileRef = 55E0D345235AB49F008A6107 /* UIImageView+Kingfisher.swift */; };
		55F6E31C24A8124F002A9F32 /* DetailStyle.swift in Sources */ = {isa = PBXBuildFile; fileRef = 55F6E31B24A8124F002A9F32 /* DetailStyle.swift */; };
		55F6E31E24A81261002A9F32 /* DetailViewController.swift in Sources */ = {isa = PBXBuildFile; fileRef = 55F6E31D24A81261002A9F32 /* DetailViewController.swift */; };
/* End PBXBuildFile section */

/* Begin PBXCopyFilesBuildPhase section */
		550905F1235A8BED00529736 /* Embed Frameworks */ = {
			isa = PBXCopyFilesBuildPhase;
			buildActionMask = 2147483647;
			dstPath = "";
			dstSubfolderSpec = 10;
			files = (
				550905F0235A8BED00529736 /* Services.framework in Embed Frameworks */,
			);
			name = "Embed Frameworks";
			runOnlyForDeploymentPostprocessing = 0;
		};
/* End PBXCopyFilesBuildPhase section */

/* Begin PBXFileReference section */
		550905EE235A8BED00529736 /* Services.framework */ = {isa = PBXFileReference; explicitFileType = wrapper.framework; path = Services.framework; sourceTree = BUILT_PRODUCTS_DIR; };
		55090600235AAF4500529736 /* MoviesCarouselTableViewCell.swift */ = {isa = PBXFileReference; lastKnownFileType = sourcecode.swift; path = MoviesCarouselTableViewCell.swift; sourceTree = "<group>"; };
		55090603235AAFD600529736 /* CGFloat+DefaultValues.swift */ = {isa = PBXFileReference; lastKnownFileType = sourcecode.swift; path = "CGFloat+DefaultValues.swift"; sourceTree = "<group>"; };
		55090605235AB04000529736 /* HomeStyle.swift */ = {isa = PBXFileReference; lastKnownFileType = sourcecode.swift; path = HomeStyle.swift; sourceTree = "<group>"; };
		55090607235AB1C300529736 /* MovieCollectionViewCell.swift */ = {isa = PBXFileReference; lastKnownFileType = sourcecode.swift; path = MovieCollectionViewCell.swift; sourceTree = "<group>"; };
		5509A7CA24AA260C00DF3633 /* UIColor+Style.swift */ = {isa = PBXFileReference; lastKnownFileType = sourcecode.swift; path = "UIColor+Style.swift"; sourceTree = "<group>"; };
		550D26F8233C4F1000F1CEE5 /* App.app */ = {isa = PBXFileReference; explicitFileType = wrapper.application; includeInIndex = 0; path = App.app; sourceTree = BUILT_PRODUCTS_DIR; };
		550D26FB233C4F1000F1CEE5 /* AppDelegate.swift */ = {isa = PBXFileReference; lastKnownFileType = sourcecode.swift; path = AppDelegate.swift; sourceTree = "<group>"; };
		550D26FD233C4F1000F1CEE5 /* SceneDelegate.swift */ = {isa = PBXFileReference; lastKnownFileType = sourcecode.swift; path = SceneDelegate.swift; sourceTree = "<group>"; };
		550D26FF233C4F1000F1CEE5 /* HomeViewController.swift */ = {isa = PBXFileReference; lastKnownFileType = sourcecode.swift; path = HomeViewController.swift; sourceTree = "<group>"; };
		550D2704233C4F1800F1CEE5 /* Assets.xcassets */ = {isa = PBXFileReference; lastKnownFileType = folder.assetcatalog; path = Assets.xcassets; sourceTree = "<group>"; };
		550D2707233C4F1800F1CEE5 /* Base */ = {isa = PBXFileReference; lastKnownFileType = file.storyboard; name = Base; path = Base.lproj/LaunchScreen.storyboard; sourceTree = "<group>"; };
		550D2709233C4F1800F1CEE5 /* Info.plist */ = {isa = PBXFileReference; lastKnownFileType = text.plist.xml; path = Info.plist; sourceTree = "<group>"; };
		551E3CFC24B8E13A00BC66A2 /* KeywordsTableViewCell.swift */ = {isa = PBXFileReference; lastKnownFileType = sourcecode.swift; path = KeywordsTableViewCell.swift; sourceTree = "<group>"; };
		551E3CFE24B8E1E400BC66A2 /* KeywordsLayout.swift */ = {isa = PBXFileReference; lastKnownFileType = sourcecode.swift; path = KeywordsLayout.swift; sourceTree = "<group>"; };
		551E3D0024B8E63100BC66A2 /* KeywordCollectionViewCell.swift */ = {isa = PBXFileReference; lastKnownFileType = sourcecode.swift; path = KeywordCollectionViewCell.swift; sourceTree = "<group>"; };
		551E3D0324B8E87C00BC66A2 /* UICollectionView+Register.swift */ = {isa = PBXFileReference; lastKnownFileType = sourcecode.swift; path = "UICollectionView+Register.swift"; sourceTree = "<group>"; };
		551E3D0524B8FBC400BC66A2 /* String+Size.swift */ = {isa = PBXFileReference; lastKnownFileType = sourcecode.swift; path = "String+Size.swift"; sourceTree = "<group>"; };
		55253C0924AAD1C800C6A3CF /* UINavigationController+Transparent.swift */ = {isa = PBXFileReference; lastKnownFileType = sourcecode.swift; path = "UINavigationController+Transparent.swift"; sourceTree = "<group>"; };
		55253C0B24AAD3B500C6A3CF /* PosterTableViewCell.swift */ = {isa = PBXFileReference; lastKnownFileType = sourcecode.swift; path = PosterTableViewCell.swift; sourceTree = "<group>"; };
		55253C0D24AAD55200C6A3CF /* UITableView+Register.swift */ = {isa = PBXFileReference; lastKnownFileType = sourcecode.swift; path = "UITableView+Register.swift"; sourceTree = "<group>"; };
		55253C0F24AADC8D00C6A3CF /* MetadataTableViewCell.swift */ = {isa = PBXFileReference; lastKnownFileType = sourcecode.swift; path = MetadataTableViewCell.swift; sourceTree = "<group>"; };
		55253C1124AADF2E00C6A3CF /* RecomendationTableViewCell.swift */ = {isa = PBXFileReference; lastKnownFileType = sourcecode.swift; path = RecomendationTableViewCell.swift; sourceTree = "<group>"; };
		553ABF3423F63AAC00475EEE /* Optional.swift */ = {isa = PBXFileReference; lastKnownFileType = sourcecode.swift; path = Optional.swift; sourceTree = "<group>"; };
		55426510235E998300E142CE /* UpcomingCollectionViewCell.swift */ = {isa = PBXFileReference; lastKnownFileType = sourcecode.swift; path = UpcomingCollectionViewCell.swift; sourceTree = "<group>"; };
		55C39CC523896FFD00CBF18F /* String+Style.swift */ = {isa = PBXFileReference; lastKnownFileType = sourcecode.swift; path = "String+Style.swift"; sourceTree = "<group>"; };
		55C7C87E24A8190A0014A70E /* DetailViewModel.swift */ = {isa = PBXFileReference; lastKnownFileType = sourcecode.swift; path = DetailViewModel.swift; sourceTree = "<group>"; };
		55CC52CA2417FD7A004AE6DA /* HomeViewModel.swift */ = {isa = PBXFileReference; fileEncoding = 4; lastKnownFileType = sourcecode.swift; path = HomeViewModel.swift; sourceTree = "<group>"; };
		55D08645235E8720004C0312 /* Movie.swift */ = {isa = PBXFileReference; lastKnownFileType = sourcecode.swift; path = Movie.swift; sourceTree = "<group>"; };
		55D08647235E9072004C0312 /* CarouselHeaderView.swift */ = {isa = PBXFileReference; lastKnownFileType = sourcecode.swift; path = CarouselHeaderView.swift; sourceTree = "<group>"; };
		55D0864B235E9235004C0312 /* Genre.swift */ = {isa = PBXFileReference; lastKnownFileType = sourcecode.swift; path = Genre.swift; sourceTree = "<group>"; };
		55D0864D235E94C0004C0312 /* UIImage+Style.swift */ = {isa = PBXFileReference; lastKnownFileType = sourcecode.swift; path = "UIImage+Style.swift"; sourceTree = "<group>"; };
		55D08653235E98DC004C0312 /* UpcomingTableViewCell.swift */ = {isa = PBXFileReference; lastKnownFileType = sourcecode.swift; path = UpcomingTableViewCell.swift; sourceTree = "<group>"; };
		55D4E906235A8A4B00A6C442 /* UIView+Constraints.swift */ = {isa = PBXFileReference; lastKnownFileType = sourcecode.swift; path = "UIView+Constraints.swift"; sourceTree = "<group>"; };
		55E0D345235AB49F008A6107 /* UIImageView+Kingfisher.swift */ = {isa = PBXFileReference; lastKnownFileType = sourcecode.swift; path = "UIImageView+Kingfisher.swift"; sourceTree = "<group>"; };
		55F6E31B24A8124F002A9F32 /* DetailStyle.swift */ = {isa = PBXFileReference; lastKnownFileType = sourcecode.swift; path = DetailStyle.swift; sourceTree = "<group>"; };
		55F6E31D24A81261002A9F32 /* DetailViewController.swift */ = {isa = PBXFileReference; lastKnownFileType = sourcecode.swift; path = DetailViewController.swift; sourceTree = "<group>"; };
/* End PBXFileReference section */

/* Begin PBXFrameworksBuildPhase section */
		550D26F5233C4F1000F1CEE5 /* Frameworks */ = {
			isa = PBXFrameworksBuildPhase;
			buildActionMask = 2147483647;
			files = (
				552F7F6524A7FC430040940B /* Kingfisher in Frameworks */,
				550905EF235A8BED00529736 /* Services.framework in Frameworks */,
			);
			runOnlyForDeploymentPostprocessing = 0;
		};
/* End PBXFrameworksBuildPhase section */

/* Begin PBXGroup section */
		550905FE235AAF0D00529736 /* Home */ = {
			isa = PBXGroup;
			children = (
				550905FF235AAF1500529736 /* Layout */,
				550D26FF233C4F1000F1CEE5 /* HomeViewController.swift */,
				55090605235AB04000529736 /* HomeStyle.swift */,
			);
			path = Home;
			sourceTree = "<group>";
		};
		550905FF235AAF1500529736 /* Layout */ = {
			isa = PBXGroup;
			children = (
				55090600235AAF4500529736 /* MoviesCarouselTableViewCell.swift */,
				55090607235AB1C300529736 /* MovieCollectionViewCell.swift */,
				55D08647235E9072004C0312 /* CarouselHeaderView.swift */,
				55D08653235E98DC004C0312 /* UpcomingTableViewCell.swift */,
				55426510235E998300E142CE /* UpcomingCollectionViewCell.swift */,
			);
			path = Layout;
			sourceTree = "<group>";
		};
		55090602235AAFBE00529736 /* Style */ = {
			isa = PBXGroup;
			children = (
				55090603235AAFD600529736 /* CGFloat+DefaultValues.swift */,
				55D0864D235E94C0004C0312 /* UIImage+Style.swift */,
				55C39CC523896FFD00CBF18F /* String+Style.swift */,
				5509A7CA24AA260C00DF3633 /* UIColor+Style.swift */,
			);
			path = Style;
			sourceTree = "<group>";
		};
		550D26EF233C4F1000F1CEE5 = {
			isa = PBXGroup;
			children = (
				550D26FA233C4F1000F1CEE5 /* App */,
				550D26F9233C4F1000F1CEE5 /* Products */,
				795B206982748EA4B038560C /* Frameworks */,
			);
			sourceTree = "<group>";
		};
		550D26F9233C4F1000F1CEE5 /* Products */ = {
			isa = PBXGroup;
			children = (
				550D26F8233C4F1000F1CEE5 /* App.app */,
			);
			name = Products;
			sourceTree = "<group>";
		};
		550D26FA233C4F1000F1CEE5 /* App */ = {
			isa = PBXGroup;
			children = (
				550D26FB233C4F1000F1CEE5 /* AppDelegate.swift */,
				550D26FD233C4F1000F1CEE5 /* SceneDelegate.swift */,
				55090602235AAFBE00529736 /* Style */,
				55D08644235E8705004C0312 /* UI Model */,
				55CC52C92417FD6A004AE6DA /* ViewModel */,
				558D5A2C234106A80048693C /* Views */,
				55D4E905235A8A3A00A6C442 /* Utils */,
				558D5A2B234106420048693C /* Supporting Files */,
			);
			path = App;
			sourceTree = "<group>";
		};
		551E3D0224B8E63500BC66A2 /* Keywords */ = {
			isa = PBXGroup;
			children = (
				551E3CFE24B8E1E400BC66A2 /* KeywordsLayout.swift */,
				551E3D0024B8E63100BC66A2 /* KeywordCollectionViewCell.swift */,
			);
			path = Keywords;
			sourceTree = "<group>";
		};
		558D5A2B234106420048693C /* Supporting Files */ = {
			isa = PBXGroup;
			children = (
				550D2704233C4F1800F1CEE5 /* Assets.xcassets */,
				550D2706233C4F1800F1CEE5 /* LaunchScreen.storyboard */,
				550D2709233C4F1800F1CEE5 /* Info.plist */,
			);
			path = "Supporting Files";
			sourceTree = "<group>";
		};
		558D5A2C234106A80048693C /* Views */ = {
			isa = PBXGroup;
			children = (
				55F6E31A24A81210002A9F32 /* Detail */,
				550905FE235AAF0D00529736 /* Home */,
			);
			path = Views;
			sourceTree = "<group>";
		};
		55CC52C92417FD6A004AE6DA /* ViewModel */ = {
			isa = PBXGroup;
			children = (
				55CC52CA2417FD7A004AE6DA /* HomeViewModel.swift */,
				55C7C87E24A8190A0014A70E /* DetailViewModel.swift */,
			);
			path = ViewModel;
			sourceTree = "<group>";
		};
		55D08644235E8705004C0312 /* UI Model */ = {
			isa = PBXGroup;
			children = (
				55D08645235E8720004C0312 /* Movie.swift */,
				55D0864B235E9235004C0312 /* Genre.swift */,
			);
			path = "UI Model";
			sourceTree = "<group>";
		};
		55D4E905235A8A3A00A6C442 /* Utils */ = {
			isa = PBXGroup;
			children = (
				55D4E906235A8A4B00A6C442 /* UIView+Constraints.swift */,
				55E0D345235AB49F008A6107 /* UIImageView+Kingfisher.swift */,
				553ABF3423F63AAC00475EEE /* Optional.swift */,
				55253C0924AAD1C800C6A3CF /* UINavigationController+Transparent.swift */,
				55253C0D24AAD55200C6A3CF /* UITableView+Register.swift */,
				551E3D0324B8E87C00BC66A2 /* UICollectionView+Register.swift */,
				551E3D0524B8FBC400BC66A2 /* String+Size.swift */,
			);
			path = Utils;
			sourceTree = "<group>";
		};
		55F6E31A24A81210002A9F32 /* Detail */ = {
			isa = PBXGroup;
			children = (
				55F6E31F24A81267002A9F32 /* Layout */,
				55F6E31D24A81261002A9F32 /* DetailViewController.swift */,
				55F6E31B24A8124F002A9F32 /* DetailStyle.swift */,
			);
			path = Detail;
			sourceTree = "<group>";
		};
		55F6E31F24A81267002A9F32 /* Layout */ = {
			isa = PBXGroup;
			children = (
				55253C0B24AAD3B500C6A3CF /* PosterTableViewCell.swift */,
				55253C0F24AADC8D00C6A3CF /* MetadataTableViewCell.swift */,
				55253C1124AADF2E00C6A3CF /* RecomendationTableViewCell.swift */,
				551E3CFC24B8E13A00BC66A2 /* KeywordsTableViewCell.swift */,
				551E3D0224B8E63500BC66A2 /* Keywords */,
			);
			path = Layout;
			sourceTree = "<group>";
		};
		795B206982748EA4B038560C /* Frameworks */ = {
			isa = PBXGroup;
			children = (
				550905EE235A8BED00529736 /* Services.framework */,
			);
			name = Frameworks;
			sourceTree = "<group>";
		};
/* End PBXGroup section */

/* Begin PBXNativeTarget section */
		550D26F7233C4F1000F1CEE5 /* App */ = {
			isa = PBXNativeTarget;
			buildConfigurationList = 550D270C233C4F1800F1CEE5 /* Build configuration list for PBXNativeTarget "App" */;
			buildPhases = (
				550D26F4233C4F1000F1CEE5 /* Sources */,
				550D26F5233C4F1000F1CEE5 /* Frameworks */,
				550D26F6233C4F1000F1CEE5 /* Resources */,
				550905F1235A8BED00529736 /* Embed Frameworks */,
			);
			buildRules = (
			);
			dependencies = (
			);
			name = App;
			packageProductDependencies = (
				552F7F6424A7FC430040940B /* Kingfisher */,
			);
			productName = App;
			productReference = 550D26F8233C4F1000F1CEE5 /* App.app */;
			productType = "com.apple.product-type.application";
		};
/* End PBXNativeTarget section */

/* Begin PBXProject section */
		550D26F0233C4F1000F1CEE5 /* Project object */ = {
			isa = PBXProject;
			attributes = {
				LastSwiftUpdateCheck = 1100;
				LastUpgradeCheck = 1100;
				ORGANIZATIONNAME = "Breno Aquino";
				TargetAttributes = {
					550D26F7233C4F1000F1CEE5 = {
						CreatedOnToolsVersion = 11.0;
					};
				};
			};
			buildConfigurationList = 550D26F3233C4F1000F1CEE5 /* Build configuration list for PBXProject "App" */;
			compatibilityVersion = "Xcode 9.3";
			developmentRegion = en;
			hasScannedForEncodings = 0;
			knownRegions = (
				en,
				Base,
			);
			mainGroup = 550D26EF233C4F1000F1CEE5;
			packageReferences = (
				552F7F6324A7FC420040940B /* XCRemoteSwiftPackageReference "Kingfisher" */,
			);
			productRefGroup = 550D26F9233C4F1000F1CEE5 /* Products */;
			projectDirPath = "";
			projectRoot = "";
			targets = (
				550D26F7233C4F1000F1CEE5 /* App */,
			);
		};
/* End PBXProject section */

/* Begin PBXResourcesBuildPhase section */
		550D26F6233C4F1000F1CEE5 /* Resources */ = {
			isa = PBXResourcesBuildPhase;
			buildActionMask = 2147483647;
			files = (
				550D2708233C4F1800F1CEE5 /* LaunchScreen.storyboard in Resources */,
				550D2705233C4F1800F1CEE5 /* Assets.xcassets in Resources */,
			);
			runOnlyForDeploymentPostprocessing = 0;
		};
/* End PBXResourcesBuildPhase section */

/* Begin PBXSourcesBuildPhase section */
		550D26F4233C4F1000F1CEE5 /* Sources */ = {
			isa = PBXSourcesBuildPhase;
			buildActionMask = 2147483647;
			files = (
				55090601235AAF4500529736 /* MoviesCarouselTableViewCell.swift in Sources */,
				55CC52CB2417FD7A004AE6DA /* HomeViewModel.swift in Sources */,
				55090604235AAFD600529736 /* CGFloat+DefaultValues.swift in Sources */,
				5509A7CB24AA260C00DF3633 /* UIColor+Style.swift in Sources */,
				55E0D346235AB49F008A6107 /* UIImageView+Kingfisher.swift in Sources */,
				550D2700233C4F1000F1CEE5 /* HomeViewController.swift in Sources */,
				550D26FC233C4F1000F1CEE5 /* AppDelegate.swift in Sources */,
				55253C1224AADF2E00C6A3CF /* RecomendationTableViewCell.swift in Sources */,
				55090606235AB04000529736 /* HomeStyle.swift in Sources */,
				551E3D0624B8FBC400BC66A2 /* String+Size.swift in Sources */,
				55F6E31E24A81261002A9F32 /* DetailViewController.swift in Sources */,
				550D26FE233C4F1000F1CEE5 /* SceneDelegate.swift in Sources */,
				55D0864E235E94C0004C0312 /* UIImage+Style.swift in Sources */,
				551E3D0124B8E63100BC66A2 /* KeywordCollectionViewCell.swift in Sources */,
				55426511235E998300E142CE /* UpcomingCollectionViewCell.swift in Sources */,
				551E3CFF24B8E1E400BC66A2 /* KeywordsLayout.swift in Sources */,
				55253C0C24AAD3B500C6A3CF /* PosterTableViewCell.swift in Sources */,
				55F6E31C24A8124F002A9F32 /* DetailStyle.swift in Sources */,
				55090608235AB1C300529736 /* MovieCollectionViewCell.swift in Sources */,
				551E3D0424B8E87C00BC66A2 /* UICollectionView+Register.swift in Sources */,
				55D08654235E98DC004C0312 /* UpcomingTableViewCell.swift in Sources */,
				553ABF3523F63AAC00475EEE /* Optional.swift in Sources */,
				55C39CC623896FFD00CBF18F /* String+Style.swift in Sources */,
				55253C0A24AAD1C800C6A3CF /* UINavigationController+Transparent.swift in Sources */,
				55253C0E24AAD55200C6A3CF /* UITableView+Register.swift in Sources */,
				551E3CFD24B8E13A00BC66A2 /* KeywordsTableViewCell.swift in Sources */,
				55253C1024AADC8D00C6A3CF /* MetadataTableViewCell.swift in Sources */,
				55C7C87F24A8190A0014A70E /* DetailViewModel.swift in Sources */,
				55D0864C235E9235004C0312 /* Genre.swift in Sources */,
				55D08648235E9072004C0312 /* CarouselHeaderView.swift in Sources */,
				55D08646235E8720004C0312 /* Movie.swift in Sources */,
				55D4E907235A8A4B00A6C442 /* UIView+Constraints.swift in Sources */,
			);
			runOnlyForDeploymentPostprocessing = 0;
		};
/* End PBXSourcesBuildPhase section */

/* Begin PBXVariantGroup section */
		550D2706233C4F1800F1CEE5 /* LaunchScreen.storyboard */ = {
			isa = PBXVariantGroup;
			children = (
				550D2707233C4F1800F1CEE5 /* Base */,
			);
			name = LaunchScreen.storyboard;
			sourceTree = "<group>";
		};
/* End PBXVariantGroup section */

/* Begin XCBuildConfiguration section */
		550D270A233C4F1800F1CEE5 /* Debug */ = {
			isa = XCBuildConfiguration;
			buildSettings = {
				ALWAYS_SEARCH_USER_PATHS = NO;
				CLANG_ANALYZER_NONNULL = YES;
				CLANG_ANALYZER_NUMBER_OBJECT_CONVERSION = YES_AGGRESSIVE;
				CLANG_CXX_LANGUAGE_STANDARD = "gnu++14";
				CLANG_CXX_LIBRARY = "libc++";
				CLANG_ENABLE_MODULES = YES;
				CLANG_ENABLE_OBJC_ARC = YES;
				CLANG_ENABLE_OBJC_WEAK = YES;
				CLANG_WARN_BLOCK_CAPTURE_AUTORELEASING = YES;
				CLANG_WARN_BOOL_CONVERSION = YES;
				CLANG_WARN_COMMA = YES;
				CLANG_WARN_CONSTANT_CONVERSION = YES;
				CLANG_WARN_DEPRECATED_OBJC_IMPLEMENTATIONS = YES;
				CLANG_WARN_DIRECT_OBJC_ISA_USAGE = YES_ERROR;
				CLANG_WARN_DOCUMENTATION_COMMENTS = YES;
				CLANG_WARN_EMPTY_BODY = YES;
				CLANG_WARN_ENUM_CONVERSION = YES;
				CLANG_WARN_INFINITE_RECURSION = YES;
				CLANG_WARN_INT_CONVERSION = YES;
				CLANG_WARN_NON_LITERAL_NULL_CONVERSION = YES;
				CLANG_WARN_OBJC_IMPLICIT_RETAIN_SELF = YES;
				CLANG_WARN_OBJC_LITERAL_CONVERSION = YES;
				CLANG_WARN_OBJC_ROOT_CLASS = YES_ERROR;
				CLANG_WARN_RANGE_LOOP_ANALYSIS = YES;
				CLANG_WARN_STRICT_PROTOTYPES = YES;
				CLANG_WARN_SUSPICIOUS_MOVE = YES;
				CLANG_WARN_UNGUARDED_AVAILABILITY = YES_AGGRESSIVE;
				CLANG_WARN_UNREACHABLE_CODE = YES;
				CLANG_WARN__DUPLICATE_METHOD_MATCH = YES;
				COPY_PHASE_STRIP = NO;
				DEBUG_INFORMATION_FORMAT = dwarf;
				ENABLE_STRICT_OBJC_MSGSEND = YES;
				ENABLE_TESTABILITY = YES;
				GCC_C_LANGUAGE_STANDARD = gnu11;
				GCC_DYNAMIC_NO_PIC = NO;
				GCC_NO_COMMON_BLOCKS = YES;
				GCC_OPTIMIZATION_LEVEL = 0;
				GCC_PREPROCESSOR_DEFINITIONS = (
					"DEBUG=1",
					"$(inherited)",
				);
				GCC_WARN_64_TO_32_BIT_CONVERSION = YES;
				GCC_WARN_ABOUT_RETURN_TYPE = YES_ERROR;
				GCC_WARN_UNDECLARED_SELECTOR = YES;
				GCC_WARN_UNINITIALIZED_AUTOS = YES_AGGRESSIVE;
				GCC_WARN_UNUSED_FUNCTION = YES;
				GCC_WARN_UNUSED_VARIABLE = YES;
				IPHONEOS_DEPLOYMENT_TARGET = 13.0;
				MTL_ENABLE_DEBUG_INFO = INCLUDE_SOURCE;
				MTL_FAST_MATH = YES;
				ONLY_ACTIVE_ARCH = YES;
				SDKROOT = iphoneos;
				SWIFT_ACTIVE_COMPILATION_CONDITIONS = DEBUG;
				SWIFT_OPTIMIZATION_LEVEL = "-Onone";
			};
			name = Debug;
		};
		550D270B233C4F1800F1CEE5 /* Release */ = {
			isa = XCBuildConfiguration;
			buildSettings = {
				ALWAYS_SEARCH_USER_PATHS = NO;
				CLANG_ANALYZER_NONNULL = YES;
				CLANG_ANALYZER_NUMBER_OBJECT_CONVERSION = YES_AGGRESSIVE;
				CLANG_CXX_LANGUAGE_STANDARD = "gnu++14";
				CLANG_CXX_LIBRARY = "libc++";
				CLANG_ENABLE_MODULES = YES;
				CLANG_ENABLE_OBJC_ARC = YES;
				CLANG_ENABLE_OBJC_WEAK = YES;
				CLANG_WARN_BLOCK_CAPTURE_AUTORELEASING = YES;
				CLANG_WARN_BOOL_CONVERSION = YES;
				CLANG_WARN_COMMA = YES;
				CLANG_WARN_CONSTANT_CONVERSION = YES;
				CLANG_WARN_DEPRECATED_OBJC_IMPLEMENTATIONS = YES;
				CLANG_WARN_DIRECT_OBJC_ISA_USAGE = YES_ERROR;
				CLANG_WARN_DOCUMENTATION_COMMENTS = YES;
				CLANG_WARN_EMPTY_BODY = YES;
				CLANG_WARN_ENUM_CONVERSION = YES;
				CLANG_WARN_INFINITE_RECURSION = YES;
				CLANG_WARN_INT_CONVERSION = YES;
				CLANG_WARN_NON_LITERAL_NULL_CONVERSION = YES;
				CLANG_WARN_OBJC_IMPLICIT_RETAIN_SELF = YES;
				CLANG_WARN_OBJC_LITERAL_CONVERSION = YES;
				CLANG_WARN_OBJC_ROOT_CLASS = YES_ERROR;
				CLANG_WARN_RANGE_LOOP_ANALYSIS = YES;
				CLANG_WARN_STRICT_PROTOTYPES = YES;
				CLANG_WARN_SUSPICIOUS_MOVE = YES;
				CLANG_WARN_UNGUARDED_AVAILABILITY = YES_AGGRESSIVE;
				CLANG_WARN_UNREACHABLE_CODE = YES;
				CLANG_WARN__DUPLICATE_METHOD_MATCH = YES;
				COPY_PHASE_STRIP = NO;
				DEBUG_INFORMATION_FORMAT = "dwarf-with-dsym";
				ENABLE_NS_ASSERTIONS = NO;
				ENABLE_STRICT_OBJC_MSGSEND = YES;
				GCC_C_LANGUAGE_STANDARD = gnu11;
				GCC_NO_COMMON_BLOCKS = YES;
				GCC_WARN_64_TO_32_BIT_CONVERSION = YES;
				GCC_WARN_ABOUT_RETURN_TYPE = YES_ERROR;
				GCC_WARN_UNDECLARED_SELECTOR = YES;
				GCC_WARN_UNINITIALIZED_AUTOS = YES_AGGRESSIVE;
				GCC_WARN_UNUSED_FUNCTION = YES;
				GCC_WARN_UNUSED_VARIABLE = YES;
				IPHONEOS_DEPLOYMENT_TARGET = 13.0;
				MTL_ENABLE_DEBUG_INFO = NO;
				MTL_FAST_MATH = YES;
				SDKROOT = iphoneos;
				SWIFT_COMPILATION_MODE = wholemodule;
				SWIFT_OPTIMIZATION_LEVEL = "-O";
				VALIDATE_PRODUCT = YES;
			};
			name = Release;
		};
		550D270D233C4F1800F1CEE5 /* Debug */ = {
			isa = XCBuildConfiguration;
			buildSettings = {
				ASSETCATALOG_COMPILER_APPICON_NAME = AppIcon;
				CODE_SIGN_STYLE = Automatic;
				DEVELOPMENT_TEAM = GYLCJG59BK;
				INFOPLIST_FILE = "$(SRCROOT)/App/Supporting Files/Info.plist";
				LD_RUNPATH_SEARCH_PATHS = (
					"$(inherited)",
					"@executable_path/Frameworks",
				);
				PRODUCT_BUNDLE_IDENTIFIER = brenoaquino.App;
				PRODUCT_NAME = "$(TARGET_NAME)";
				SWIFT_VERSION = 5.0;
				TARGETED_DEVICE_FAMILY = "1,2";
			};
			name = Debug;
		};
		550D270E233C4F1800F1CEE5 /* Release */ = {
			isa = XCBuildConfiguration;
			buildSettings = {
				ASSETCATALOG_COMPILER_APPICON_NAME = AppIcon;
				CODE_SIGN_STYLE = Automatic;
				DEVELOPMENT_TEAM = GYLCJG59BK;
				INFOPLIST_FILE = "$(SRCROOT)/App/Supporting Files/Info.plist";
				LD_RUNPATH_SEARCH_PATHS = (
					"$(inherited)",
					"@executable_path/Frameworks",
				);
				PRODUCT_BUNDLE_IDENTIFIER = brenoaquino.App;
				PRODUCT_NAME = "$(TARGET_NAME)";
				SWIFT_ACTIVE_COMPILATION_CONDITIONS = "";
				SWIFT_VERSION = 5.0;
				TARGETED_DEVICE_FAMILY = "1,2";
			};
			name = Release;
		};
/* End XCBuildConfiguration section */

/* Begin XCConfigurationList section */
		550D26F3233C4F1000F1CEE5 /* Build configuration list for PBXProject "App" */ = {
			isa = XCConfigurationList;
			buildConfigurations = (
				550D270A233C4F1800F1CEE5 /* Debug */,
				550D270B233C4F1800F1CEE5 /* Release */,
			);
			defaultConfigurationIsVisible = 0;
			defaultConfigurationName = Release;
		};
		550D270C233C4F1800F1CEE5 /* Build configuration list for PBXNativeTarget "App" */ = {
			isa = XCConfigurationList;
			buildConfigurations = (
				550D270D233C4F1800F1CEE5 /* Debug */,
				550D270E233C4F1800F1CEE5 /* Release */,
			);
			defaultConfigurationIsVisible = 0;
			defaultConfigurationName = Release;
		};
/* End XCConfigurationList section */

/* Begin XCRemoteSwiftPackageReference section */
		552F7F6324A7FC420040940B /* XCRemoteSwiftPackageReference "Kingfisher" */ = {
			isa = XCRemoteSwiftPackageReference;
			repositoryURL = "https://github.com/onevcat/Kingfisher";
			requirement = {
				kind = upToNextMajorVersion;
				minimumVersion = 5.14.0;
			};
		};
/* End XCRemoteSwiftPackageReference section */

/* Begin XCSwiftPackageProductDependency section */
		552F7F6424A7FC430040940B /* Kingfisher */ = {
			isa = XCSwiftPackageProductDependency;
			package = 552F7F6324A7FC420040940B /* XCRemoteSwiftPackageReference "Kingfisher" */;
			productName = Kingfisher;
		};
/* End XCSwiftPackageProductDependency section */
	};
	rootObject = 550D26F0233C4F1000F1CEE5 /* Project object */;
}
